
Microsoft Visual Studio Solution File, Format Version 12.00
Project("{FAE04EC0-301F-11D3-BF4B-00C04F79EFBC}") = "njord", "njord\njord.csproj", "{E83081BF-887D-45AB-83DA-5A9D8ECF565F}"
EndProject
Global
	GlobalSection(SolutionConfigurationPlatforms) = preSolution
		Debug|Any CPU = Debug|Any CPU
		Release|Any CPU = Release|Any CPU
	EndGlobalSection
	GlobalSection(ProjectConfigurationPlatforms) = postSolution
		{E83081BF-887D-45AB-83DA-5A9D8ECF565F}.Debug|Any CPU.ActiveCfg = Debug|Any CPU
		{E83081BF-887D-45AB-83DA-5A9D8ECF565F}.Debug|Any CPU.Build.0 = Debug|Any CPU
		{E83081BF-887D-45AB-83DA-5A9D8ECF565F}.Release|Any CPU.ActiveCfg = Release|Any CPU
		{E83081BF-887D-45AB-83DA-5A9D8ECF565F}.Release|Any CPU.Build.0 = Release|Any CPU
	EndGlobalSection
EndGlobal
